{
  "lockfileVersion": 1,
  "workspaces": {
    "": {
      "name": "proxy-smart-scripts",
      "dependencies": {
        "@octokit/rest": "^22.0.0",
        "openai": "^5.12.2",
      },
    },
  },
  "packages": {
    "@octokit/auth-token": ["@octokit/auth-token@6.0.0", "", {}, "sha512-P4YJBPdPSpWTQ1NU4XYdvHvXJJDxM6YwpS0FZHRgP7YFkdVxsWcpWGy/NVqlAA7PcPCnMacXlRm1y2PFZRWL/w=="],

    "@octokit/core": ["@octokit/core@7.0.5", "", { "dependencies": { "@octokit/auth-token": "^6.0.0", "@octokit/graphql": "^9.0.2", "@octokit/request": "^10.0.4", "@octokit/request-error": "^7.0.1", "@octokit/types": "^15.0.0", "before-after-hook": "^4.0.0", "universal-user-agent": "^7.0.0" } }, "sha512-t54CUOsFMappY1Jbzb7fetWeO0n6K0k/4+/ZpkS+3Joz8I4VcvY9OiEBFRYISqaI2fq5sCiPtAjRDOzVYG8m+Q=="],

    "@octokit/endpoint": ["@octokit/endpoint@11.0.1", "", { "dependencies": { "@octokit/types": "^15.0.0", "universal-user-agent": "^7.0.2" } }, "sha512-7P1dRAZxuWAOPI7kXfio88trNi/MegQ0IJD3vfgC3b+LZo1Qe6gRJc2v0mz2USWWJOKrB2h5spXCzGbw+fAdqA=="],

    "@octokit/graphql": ["@octokit/graphql@9.0.2", "", { "dependencies": { "@octokit/request": "^10.0.4", "@octokit/types": "^15.0.0", "universal-user-agent": "^7.0.0" } }, "sha512-iz6KzZ7u95Fzy9Nt2L8cG88lGRMr/qy1Q36ih/XVzMIlPDMYwaNLE/ENhqmIzgPrlNWiYJkwmveEetvxAgFBJw=="],

    "@octokit/openapi-types": ["@octokit/openapi-types@26.0.0", "", {}, "sha512-7AtcfKtpo77j7Ts73b4OWhOZHTKo/gGY8bB3bNBQz4H+GRSWqx2yvj8TXRsbdTE0eRmYmXOEY66jM7mJ7LzfsA=="],

    "@octokit/plugin-paginate-rest": ["@octokit/plugin-paginate-rest@13.2.0", "", { "dependencies": { "@octokit/types": "^15.0.0" }, "peerDependencies": { "@octokit/core": ">=6" } }, "sha512-YuAlyjR8o5QoRSOvMHxSJzPtogkNMgeMv2mpccrvdUGeC3MKyfi/hS+KiFwyH/iRKIKyx+eIMsDjbt3p9r2GYA=="],

    "@octokit/plugin-request-log": ["@octokit/plugin-request-log@6.0.0", "", { "peerDependencies": { "@octokit/core": ">=6" } }, "sha512-UkOzeEN3W91/eBq9sPZNQ7sUBvYCqYbrrD8gTbBuGtHEuycE4/awMXcYvx6sVYo7LypPhmQwwpUe4Yyu4QZN5Q=="],

    "@octokit/plugin-rest-endpoint-methods": ["@octokit/plugin-rest-endpoint-methods@16.1.0", "", { "dependencies": { "@octokit/types": "^15.0.0" }, "peerDependencies": { "@octokit/core": ">=6" } }, "sha512-nCsyiKoGRnhH5LkH8hJEZb9swpqOcsW+VXv1QoyUNQXJeVODG4+xM6UICEqyqe9XFr6LkL8BIiFCPev8zMDXPw=="],

    "@octokit/request": ["@octokit/request@10.0.5", "", { "dependencies": { "@octokit/endpoint": "^11.0.1", "@octokit/request-error": "^7.0.1", "@octokit/types": "^15.0.0", "fast-content-type-parse": "^3.0.0", "universal-user-agent": "^7.0.2" } }, "sha512-TXnouHIYLtgDhKo+N6mXATnDBkV05VwbR0TtMWpgTHIoQdRQfCSzmy/LGqR1AbRMbijq/EckC/E3/ZNcU92NaQ=="],

    "@octokit/request-error": ["@octokit/request-error@7.0.1", "", { "dependencies": { "@octokit/types": "^15.0.0" } }, "sha512-CZpFwV4+1uBrxu7Cw8E5NCXDWFNf18MSY23TdxCBgjw1tXXHvTrZVsXlW8hgFTOLw8RQR1BBrMvYRtuyaijHMA=="],

    "@octokit/rest": ["@octokit/rest@22.0.0", "", { "dependencies": { "@octokit/core": "^7.0.2", "@octokit/plugin-paginate-rest": "^13.0.1", "@octokit/plugin-request-log": "^6.0.0", "@octokit/plugin-rest-endpoint-methods": "^16.0.0" } }, "sha512-z6tmTu9BTnw51jYGulxrlernpsQYXpui1RK21vmXn8yF5bp6iX16yfTtJYGK5Mh1qDkvDOmp2n8sRMcQmR8jiA=="],

    "@octokit/types": ["@octokit/types@15.0.0", "", { "dependencies": { "@octokit/openapi-types": "^26.0.0" } }, "sha512-8o6yDfmoGJUIeR9OfYU0/TUJTnMPG2r68+1yEdUeG2Fdqpj8Qetg0ziKIgcBm0RW/j29H41WP37CYCEhp6GoHQ=="],

    "before-after-hook": ["before-after-hook@4.0.0", "", {}, "sha512-q6tR3RPqIB1pMiTRMFcZwuG5T8vwp+vUvEG0vuI6B+Rikh5BfPp2fQ82c925FOs+b0lcFQ8CFrL+KbilfZFhOQ=="],

    "fast-content-type-parse": ["fast-content-type-parse@3.0.0", "", {}, "sha512-ZvLdcY8P+N8mGQJahJV5G4U88CSvT1rP8ApL6uETe88MBXrBHAkZlSEySdUlyztF7ccb+Znos3TFqaepHxdhBg=="],

    "openai": ["openai@5.23.2", "", { "peerDependencies": { "ws": "^8.18.0", "zod": "^3.23.8" }, "optionalPeers": ["ws", "zod"], "bin": { "openai": "bin/cli" } }, "sha512-MQBzmTulj+MM5O8SKEk/gL8a7s5mktS9zUtAkU257WjvobGc9nKcBuVwjyEEcb9SI8a8Y2G/mzn3vm9n1Jlleg=="],

    "universal-user-agent": ["universal-user-agent@7.0.3", "", {}, "sha512-TmnEAEAsBJVZM/AADELsK76llnwcf9vMKuPz8JflO1frO8Lchitr0fNaN9d+Ap0BjKtqWqd/J17qeDnXh8CL2A=="],
  }
}
